// !$*UTF8*$!
{
	archiveVersion = 1;
	classes = {
	};
	objectVersion = 50;
	objects = {

/* Begin PBXBuildFile section */
		5BBC04A0DE079515F14C9B8A /* Pods_fourAllChallenge.framework in Frameworks */ = {isa = PBXBuildFile; fileRef = A38A58EA4FFD8BDA3C5C44E7 /* Pods_fourAllChallenge.framework */; };
		9AEF517621A2D008003D736B /* AppDelegate.swift in Sources */ = {isa = PBXBuildFile; fileRef = 9AEF517521A2D008003D736B /* AppDelegate.swift */; };
		9AEF517821A2D008003D736B /* ViewController.swift in Sources */ = {isa = PBXBuildFile; fileRef = 9AEF517721A2D008003D736B /* ViewController.swift */; };
		9AEF517B21A2D008003D736B /* Main.storyboard in Resources */ = {isa = PBXBuildFile; fileRef = 9AEF517921A2D008003D736B /* Main.storyboard */; };
		9AEF517D21A2D00A003D736B /* Assets.xcassets in Resources */ = {isa = PBXBuildFile; fileRef = 9AEF517C21A2D00A003D736B /* Assets.xcassets */; };
		9AEF518021A2D00A003D736B /* LaunchScreen.storyboard in Resources */ = {isa = PBXBuildFile; fileRef = 9AEF517E21A2D00A003D736B /* LaunchScreen.storyboard */; };
/* End PBXBuildFile section */

/* Begin PBXFileReference section */
		9AEF517221A2D008003D736B /* fourAllChallenge.app */ = {isa = PBXFileReference; explicitFileType = wrapper.application; includeInIndex = 0; path = fourAllChallenge.app; sourceTree = BUILT_PRODUCTS_DIR; };
		9AEF517521A2D008003D736B /* AppDelegate.swift */ = {isa = PBXFileReference; lastKnownFileType = sourcecode.swift; path = AppDelegate.swift; sourceTree = "<group>"; };
		9AEF517721A2D008003D736B /* ViewController.swift */ = {isa = PBXFileReference; lastKnownFileType = sourcecode.swift; path = ViewController.swift; sourceTree = "<group>"; };
		9AEF517A21A2D008003D736B /* Base */ = {isa = PBXFileReference; lastKnownFileType = file.storyboard; name = Base; path = Base.lproj/Main.storyboard; sourceTree = "<group>"; };
		9AEF517C21A2D00A003D736B /* Assets.xcassets */ = {isa = PBXFileReference; lastKnownFileType = folder.assetcatalog; path = Assets.xcassets; sourceTree = "<group>"; };
		9AEF517F21A2D00A003D736B /* Base */ = {isa = PBXFileReference; lastKnownFileType = file.storyboard; name = Base; path = Base.lproj/LaunchScreen.storyboard; sourceTree = "<group>"; };
		9AEF518121A2D00A003D736B /* Info.plist */ = {isa = PBXFileReference; lastKnownFileType = text.plist.xml; path = Info.plist; sourceTree = "<group>"; };
		A38A58EA4FFD8BDA3C5C44E7 /* Pods_fourAllChallenge.framework */ = {isa = PBXFileReference; explicitFileType = wrapper.framework; includeInIndex = 0; path = Pods_fourAllChallenge.framework; sourceTree = BUILT_PRODUCTS_DIR; };
		C4A96BD8F1C427E39C150BA1 /* Pods-fourAllChallenge.debug.xcconfig */ = {isa = PBXFileReference; includeInIndex = 1; lastKnownFileType = text.xcconfig; name = "Pods-fourAllChallenge.debug.xcconfig"; path = "Pods/Target Support Files/Pods-fourAllChallenge/Pods-fourAllChallenge.debug.xcconfig"; sourceTree = "<group>"; };
		CF6EDE721457C7AAE5397598 /* Pods-fourAllChallenge.release.xcconfig */ = {isa = PBXFileReference; includeInIndex = 1; lastKnownFileType = text.xcconfig; name = "Pods-fourAllChallenge.release.xcconfig"; path = "Pods/Target Support Files/Pods-fourAllChallenge/Pods-fourAllChallenge.release.xcconfig"; sourceTree = "<group>"; };
/* End PBXFileReference section */

/* Begin PBXFrameworksBuildPhase section */
		9AEF516F21A2D008003D736B /* Frameworks */ = {
			isa = PBXFrameworksBuildPhase;
			buildActionMask = 2147483647;
			files = (
				5BBC04A0DE079515F14C9B8A /* Pods_fourAllChallenge.framework in Frameworks */,
			);
			runOnlyForDeploymentPostprocessing = 0;
		};
/* End PBXFrameworksBuildPhase section */

/* Begin PBXGroup section */
		638F177D2AB5759F51696C5C /* Frameworks */ = {
			isa = PBXGroup;
			children = (
				A38A58EA4FFD8BDA3C5C44E7 /* Pods_fourAllChallenge.framework */,
			);
			name = Frameworks;
			sourceTree = "<group>";
		};
		9AEF516921A2D008003D736B = {
			isa = PBXGroup;
			children = (
				9AEF517421A2D008003D736B /* fourAllChallenge */,
				9AEF517321A2D008003D736B /* Products */,
				CCA7AB8D4B2624261E52B1DD /* Pods */,
				638F177D2AB5759F51696C5C /* Frameworks */,
			);
			sourceTree = "<group>";
		};
		9AEF517321A2D008003D736B /* Products */ = {
			isa = PBXGroup;
			children = (
				9AEF517221A2D008003D736B /* fourAllChallenge.app */,
			);
			name = Products;
			sourceTree = "<group>";
		};
		9AEF517421A2D008003D736B /* fourAllChallenge */ = {
			isa = PBXGroup;
			children = (
				9AEF517521A2D008003D736B /* AppDelegate.swift */,
				9AEF518721A2D06E003D736B /* ViewController */,
				9AEF518821A2D080003D736B /* View */,
				9AEF517C21A2D00A003D736B /* Assets.xcassets */,
				9AEF518121A2D00A003D736B /* Info.plist */,
			);
			path = fourAllChallenge;
			sourceTree = "<group>";
		};
		9AEF518721A2D06E003D736B /* ViewController */ = {
			isa = PBXGroup;
			children = (
				9AEF517721A2D008003D736B /* ViewController.swift */,
			);
			path = ViewController;
			sourceTree = "<group>";
		};
		9AEF518821A2D080003D736B /* View */ = {
			isa = PBXGroup;
			children = (
				9AEF517921A2D008003D736B /* Main.storyboard */,
				9AEF517E21A2D00A003D736B /* LaunchScreen.storyboard */,
			);
			path = View;
			sourceTree = "<group>";
		};
		CCA7AB8D4B2624261E52B1DD /* Pods */ = {
			isa = PBXGroup;
			children = (
				C4A96BD8F1C427E39C150BA1 /* Pods-fourAllChallenge.debug.xcconfig */,
				CF6EDE721457C7AAE5397598 /* Pods-fourAllChallenge.release.xcconfig */,
			);
			name = Pods;
			sourceTree = "<group>";
		};
/* End PBXGroup section */

/* Begin PBXNativeTarget section */
		9AEF517121A2D008003D736B /* fourAllChallenge */ = {
			isa = PBXNativeTarget;
			buildConfigurationList = 9AEF518421A2D00A003D736B /* Build configuration list for PBXNativeTarget "fourAllChallenge" */;
			buildPhases = (
				DDC097E7E77BBBF339B956A5 /* [CP] Check Pods Manifest.lock */,
				9AEF516E21A2D008003D736B /* Sources */,
				9AEF516F21A2D008003D736B /* Frameworks */,
				9AEF517021A2D008003D736B /* Resources */,
				C44022EAA85B1CA1642C2CA7 /* [CP] Embed Pods Frameworks */,
				8143F122EF6E8D2A198DBA45 /* [CP] Copy Pods Resources */,
			);
			buildRules = (
			);
			dependencies = (
			);
			name = fourAllChallenge;
			productName = fourAllChallenge;
			productReference = 9AEF517221A2D008003D736B /* fourAllChallenge.app */;
			productType = "com.apple.product-type.application";
		};
/* End PBXNativeTarget section */

/* Begin PBXProject section */
		9AEF516A21A2D008003D736B /* Project object */ = {
			isa = PBXProject;
			attributes = {
				LastSwiftUpdateCheck = 1010;
				LastUpgradeCheck = 1010;
				ORGANIZATIONNAME = Bruno;
				TargetAttributes = {
					9AEF517121A2D008003D736B = {
						CreatedOnToolsVersion = 10.1;
					};
				};
			};
			buildConfigurationList = 9AEF516D21A2D008003D736B /* Build configuration list for PBXProject "fourAllChallenge" */;
			compatibilityVersion = "Xcode 9.3";
			developmentRegion = en;
			hasScannedForEncodings = 0;
			knownRegions = (
				en,
				Base,
			);
			mainGroup = 9AEF516921A2D008003D736B;
			productRefGroup = 9AEF517321A2D008003D736B /* Products */;
			projectDirPath = "";
			projectRoot = "";
			targets = (
				9AEF517121A2D008003D736B /* fourAllChallenge */,
			);
		};
/* End PBXProject section */

/* Begin PBXResourcesBuildPhase section */
		9AEF517021A2D008003D736B /* Resources */ = {
			isa = PBXResourcesBuildPhase;
			buildActionMask = 2147483647;
			files = (
				9AEF518021A2D00A003D736B /* LaunchScreen.storyboard in Resources */,
				9AEF517D21A2D00A003D736B /* Assets.xcassets in Resources */,
				9AEF517B21A2D008003D736B /* Main.storyboard in Resources */,
			);
			runOnlyForDeploymentPostprocessing = 0;
		};
/* End PBXResourcesBuildPhase section */

/* Begin PBXShellScriptBuildPhase section */
		8143F122EF6E8D2A198DBA45 /* [CP] Copy Pods Resources */ = {
			isa = PBXShellScriptBuildPhase;
			buildActionMask = 2147483647;
			files = (
			);
			inputPaths = (
			);
			name = "[CP] Copy Pods Resources";
			outputPaths = (
			);
			runOnlyForDeploymentPostprocessing = 0;
			shellPath = /bin/sh;
			shellScript = "\"${SRCROOT}/Pods/Target Support Files/Pods-fourAllChallenge/Pods-fourAllChallenge-resources.sh\"\n";
			showEnvVarsInLog = 0;
		};
		C44022EAA85B1CA1642C2CA7 /* [CP] Embed Pods Frameworks */ = {
			isa = PBXShellScriptBuildPhase;
			buildActionMask = 2147483647;
			files = (
			);
			inputPaths = (
				"${SRCROOT}/Pods/Target Support Files/Pods-fourAllChallenge/Pods-fourAllChallenge-frameworks.sh",
				"${BUILT_PRODUCTS_DIR}/Alamofire/Alamofire.framework",
				"${BUILT_PRODUCTS_DIR}/AlamofireImage/AlamofireImage.framework",
				"${BUILT_PRODUCTS_DIR}/AlamofireObjectMapper/AlamofireObjectMapper.framework",
				"${BUILT_PRODUCTS_DIR}/ObjectMapper/ObjectMapper.framework",
			);
			name = "[CP] Embed Pods Frameworks";
			outputPaths = (
				"${TARGET_BUILD_DIR}/${FRAMEWORKS_FOLDER_PATH}/Alamofire.framework",
				"${TARGET_BUILD_DIR}/${FRAMEWORKS_FOLDER_PATH}/AlamofireImage.framework",
				"${TARGET_BUILD_DIR}/${FRAMEWORKS_FOLDER_PATH}/AlamofireObjectMapper.framework",
				"${TARGET_BUILD_DIR}/${FRAMEWORKS_FOLDER_PATH}/ObjectMapper.framework",
			);
			runOnlyForDeploymentPostprocessing = 0;
			shellPath = /bin/sh;
			shellScript = "\"${SRCROOT}/Pods/Target Support Files/Pods-fourAllChallenge/Pods-fourAllChallenge-frameworks.sh\"\n";
			showEnvVarsInLog = 0;
		};
		DDC097E7E77BBBF339B956A5 /* [CP] Check Pods Manifest.lock */ = {
			isa = PBXShellScriptBuildPhase;
			buildActionMask = 2147483647;
			files = (
			);
			inputPaths = (
				"${PODS_PODFILE_DIR_PATH}/Podfile.lock",
				"${PODS_ROOT}/Manifest.lock",
			);
			name = "[CP] Check Pods Manifest.lock";
			outputPaths = (
				"$(DERIVED_FILE_DIR)/Pods-fourAllChallenge-checkManifestLockResult.txt",
			);
			runOnlyForDeploymentPostprocessing = 0;
			shellPath = /bin/sh;
			shellScript = "diff \"${PODS_PODFILE_DIR_PATH}/Podfile.lock\" \"${PODS_ROOT}/Manifest.lock\" > /dev/null\nif [ $? != 0 ] ; then\n    # print error to STDERR\n    echo \"error: The sandbox is not in sync with the Podfile.lock. Run 'pod install' or update your CocoaPods installation.\" >&2\n    exit 1\nfi\n# This output is used by Xcode 'outputs' to avoid re-running this script phase.\necho \"SUCCESS\" > \"${SCRIPT_OUTPUT_FILE_0}\"\n";
			showEnvVarsInLog = 0;
		};
/* End PBXShellScriptBuildPhase section */

/* Begin PBXSourcesBuildPhase section */
		9AEF516E21A2D008003D736B /* Sources */ = {
			isa = PBXSourcesBuildPhase;
			buildActionMask = 2147483647;
			files = (
				9AEF517821A2D008003D736B /* ViewController.swift in Sources */,
				9AEF517621A2D008003D736B /* AppDelegate.swift in Sources */,
			);
			runOnlyForDeploymentPostprocessing = 0;
		};
/* End PBXSourcesBuildPhase section */

/* Begin PBXVariantGroup section */
		9AEF517921A2D008003D736B /* Main.storyboard */ = {
			isa = PBXVariantGroup;
			children = (
				9AEF517A21A2D008003D736B /* Base */,
			);
			name = Main.storyboard;
			sourceTree = "<group>";
		};
		9AEF517E21A2D00A003D736B /* LaunchScreen.storyboard */ = {
			isa = PBXVariantGroup;
			children = (
				9AEF517F21A2D00A003D736B /* Base */,
			);
			name = LaunchScreen.storyboard;
			sourceTree = "<group>";
		};
/* End PBXVariantGroup section */

/* Begin XCBuildConfiguration section */
		9AEF518221A2D00A003D736B /* Debug */ = {
			isa = XCBuildConfiguration;
			buildSettings = {
				ALWAYS_SEARCH_USER_PATHS = NO;
				CLANG_ANALYZER_NONNULL = YES;
				CLANG_ANALYZER_NUMBER_OBJECT_CONVERSION = YES_AGGRESSIVE;
				CLANG_CXX_LANGUAGE_STANDARD = "gnu++14";
				CLANG_CXX_LIBRARY = "libc++";
				CLANG_ENABLE_MODULES = YES;
				CLANG_ENABLE_OBJC_ARC = YES;
				CLANG_ENABLE_OBJC_WEAK = YES;
				CLANG_WARN_BLOCK_CAPTURE_AUTORELEASING = YES;
				CLANG_WARN_BOOL_CONVERSION = YES;
				CLANG_WARN_COMMA = YES;
				CLANG_WARN_CONSTANT_CONVERSION = YES;
				CLANG_WARN_DEPRECATED_OBJC_IMPLEMENTATIONS = YES;
				CLANG_WARN_DIRECT_OBJC_ISA_USAGE = YES_ERROR;
				CLANG_WARN_DOCUMENTATION_COMMENTS = YES;
				CLANG_WARN_EMPTY_BODY = YES;
				CLANG_WARN_ENUM_CONVERSION = YES;
				CLANG_WARN_INFINITE_RECURSION = YES;
				CLANG_WARN_INT_CONVERSION = YES;
				CLANG_WARN_NON_LITERAL_NULL_CONVERSION = YES;
				CLANG_WARN_OBJC_IMPLICIT_RETAIN_SELF = YES;
				CLANG_WARN_OBJC_LITERAL_CONVERSION = YES;
				CLANG_WARN_OBJC_ROOT_CLASS = YES_ERROR;
				CLANG_WARN_RANGE_LOOP_ANALYSIS = YES;
				CLANG_WARN_STRICT_PROTOTYPES = YES;
				CLANG_WARN_SUSPICIOUS_MOVE = YES;
				CLANG_WARN_UNGUARDED_AVAILABILITY = YES_AGGRESSIVE;
				CLANG_WARN_UNREACHABLE_CODE = YES;
				CLANG_WARN__DUPLICATE_METHOD_MATCH = YES;
				CODE_SIGN_IDENTITY = "iPhone Developer";
				COPY_PHASE_STRIP = NO;
				DEBUG_INFORMATION_FORMAT = dwarf;
				ENABLE_STRICT_OBJC_MSGSEND = YES;
				ENABLE_TESTABILITY = YES;
				GCC_C_LANGUAGE_STANDARD = gnu11;
				GCC_DYNAMIC_NO_PIC = NO;
				GCC_NO_COMMON_BLOCKS = YES;
				GCC_OPTIMIZATION_LEVEL = 0;
				GCC_PREPROCESSOR_DEFINITIONS = (
					"DEBUG=1",
					"$(inherited)",
				);
				GCC_WARN_64_TO_32_BIT_CONVERSION = YES;
				GCC_WARN_ABOUT_RETURN_TYPE = YES_ERROR;
				GCC_WARN_UNDECLARED_SELECTOR = YES;
				GCC_WARN_UNINITIALIZED_AUTOS = YES_AGGRESSIVE;
				GCC_WARN_UNUSED_FUNCTION = YES;
				GCC_WARN_UNUSED_VARIABLE = YES;
				IPHONEOS_DEPLOYMENT_TARGET = 12.1;
				MTL_ENABLE_DEBUG_INFO = INCLUDE_SOURCE;
				MTL_FAST_MATH = YES;
				ONLY_ACTIVE_ARCH = YES;
				SDKROOT = iphoneos;
				SWIFT_ACTIVE_COMPILATION_CONDITIONS = DEBUG;
				SWIFT_OPTIMIZATION_LEVEL = "-Onone";
			};
			name = Debug;
		};
		9AEF518321A2D00A003D736B /* Release */ = {
			isa = XCBuildConfiguration;
			buildSettings = {
				ALWAYS_SEARCH_USER_PATHS = NO;
				CLANG_ANALYZER_NONNULL = YES;
				CLANG_ANALYZER_NUMBER_OBJECT_CONVERSION = YES_AGGRESSIVE;
				CLANG_CXX_LANGUAGE_STANDARD = "gnu++14";
				CLANG_CXX_LIBRARY = "libc++";
				CLANG_ENABLE_MODULES = YES;
				CLANG_ENABLE_OBJC_ARC = YES;
				CLANG_ENABLE_OBJC_WEAK = YES;
				CLANG_WARN_BLOCK_CAPTURE_AUTORELEASING = YES;
				CLANG_WARN_BOOL_CONVERSION = YES;
				CLANG_WARN_COMMA = YES;
				CLANG_WARN_CONSTANT_CONVERSION = YES;
				CLANG_WARN_DEPRECATED_OBJC_IMPLEMENTATIONS = YES;
				CLANG_WARN_DIRECT_OBJC_ISA_USAGE = YES_ERROR;
				CLANG_WARN_DOCUMENTATION_COMMENTS = YES;
				CLANG_WARN_EMPTY_BODY = YES;
				CLANG_WARN_ENUM_CONVERSION = YES;
				CLANG_WARN_INFINITE_RECURSION = YES;
				CLANG_WARN_INT_CONVERSION = YES;
				CLANG_WARN_NON_LITERAL_NULL_CONVERSION = YES;
				CLANG_WARN_OBJC_IMPLICIT_RETAIN_SELF = YES;
				CLANG_WARN_OBJC_LITERAL_CONVERSION = YES;
				CLANG_WARN_OBJC_ROOT_CLASS = YES_ERROR;
				CLANG_WARN_RANGE_LOOP_ANALYSIS = YES;
				CLANG_WARN_STRICT_PROTOTYPES = YES;
				CLANG_WARN_SUSPICIOUS_MOVE = YES;
				CLANG_WARN_UNGUARDED_AVAILABILITY = YES_AGGRESSIVE;
				CLANG_WARN_UNREACHABLE_CODE = YES;
				CLANG_WARN__DUPLICATE_METHOD_MATCH = YES;
				CODE_SIGN_IDENTITY = "iPhone Developer";
				COPY_PHASE_STRIP = NO;
				DEBUG_INFORMATION_FORMAT = "dwarf-with-dsym";
				ENABLE_NS_ASSERTIONS = NO;
				ENABLE_STRICT_OBJC_MSGSEND = YES;
				GCC_C_LANGUAGE_STANDARD = gnu11;
				GCC_NO_COMMON_BLOCKS = YES;
				GCC_WARN_64_TO_32_BIT_CONVERSION = YES;
				GCC_WARN_ABOUT_RETURN_TYPE = YES_ERROR;
				GCC_WARN_UNDECLARED_SELECTOR = YES;
				GCC_WARN_UNINITIALIZED_AUTOS = YES_AGGRESSIVE;
				GCC_WARN_UNUSED_FUNCTION = YES;
				GCC_WARN_UNUSED_VARIABLE = YES;
				IPHONEOS_DEPLOYMENT_TARGET = 12.1;
				MTL_ENABLE_DEBUG_INFO = NO;
				MTL_FAST_MATH = YES;
				SDKROOT = iphoneos;
				SWIFT_COMPILATION_MODE = wholemodule;
				SWIFT_OPTIMIZATION_LEVEL = "-O";
				VALIDATE_PRODUCT = YES;
			};
			name = Release;
		};
		9AEF518521A2D00A003D736B /* Debug */ = {
			isa = XCBuildConfiguration;
			baseConfigurationReference = C4A96BD8F1C427E39C150BA1 /* Pods-fourAllChallenge.debug.xcconfig */;
			buildSettings = {
				ASSETCATALOG_COMPILER_APPICON_NAME = AppIcon;
				CODE_SIGN_STYLE = Automatic;
				DEVELOPMENT_TEAM = B65B7G9L44;
				INFOPLIST_FILE = fourAllChallenge/Info.plist;
				LD_RUNPATH_SEARCH_PATHS = "$(inherited) @executable_path/Frameworks";
				PRODUCT_BUNDLE_IDENTIFIER = brunodorneles.fourAllChallenge;
				PRODUCT_NAME = "$(TARGET_NAME)";
				SWIFT_VERSION = 4.2;
				TARGETED_DEVICE_FAMILY = "1,2";
			};
			name = Debug;
		};
		9AEF518621A2D00A003D736B /* Release */ = {
			isa = XCBuildConfiguration;
			baseConfigurationReference = CF6EDE721457C7AAE5397598 /* Pods-fourAllChallenge.release.xcconfig */;
			buildSettings = {
				ASSETCATALOG_COMPILER_APPICON_NAME = AppIcon;
				CODE_SIGN_STYLE = Automatic;
				DEVELOPMENT_TEAM = B65B7G9L44;
				INFOPLIST_FILE = fourAllChallenge/Info.plist;
				LD_RUNPATH_SEARCH_PATHS = "$(inherited) @executable_path/Frameworks";
				PRODUCT_BUNDLE_IDENTIFIER = brunodorneles.fourAllChallenge;
				PRODUCT_NAME = "$(TARGET_NAME)";
				SWIFT_VERSION = 4.2;
				TARGETED_DEVICE_FAMILY = "1,2";
			};
			name = Release;
		};
/* End XCBuildConfiguration section */

/* Begin XCConfigurationList section */
		9AEF516D21A2D008003D736B /* Build configuration list for PBXProject "fourAllChallenge" */ = {
			isa = XCConfigurationList;
			buildConfigurations = (
				9AEF518221A2D00A003D736B /* Debug */,
				9AEF518321A2D00A003D736B /* Release */,
			);
			defaultConfigurationIsVisible = 0;
			defaultConfigurationName = Release;
		};
		9AEF518421A2D00A003D736B /* Build configuration list for PBXNativeTarget "fourAllChallenge" */ = {
			isa = XCConfigurationList;
			buildConfigurations = (
				9AEF518521A2D00A003D736B /* Debug */,
				9AEF518621A2D00A003D736B /* Release */,
			);
			defaultConfigurationIsVisible = 0;
			defaultConfigurationName = Release;
		};
/* End XCConfigurationList section */
	};
	rootObject = 9AEF516A21A2D008003D736B /* Project object */;
}
